
Microsoft Visual Studio Solution File, Format Version 12.00
Project("{FAE04EC0-301F-11D3-BF4B-00C04F79EFBC}") = "GraphicsCourse.Core", "GraphicsCourse.Core\GraphicsCourse.Core.csproj", "{72B275D0-0131-4CCD-B235-4B0D678F469C}"
EndProject
Project("{FAE04EC0-301F-11D3-BF4B-00C04F79EFBC}") = "Task1", "Task1\Task1.csproj", "{A4400DBE-456A-43D7-B68F-263278BCF92A}"
EndProject
Global
	GlobalSection(SolutionConfigurationPlatforms) = preSolution
		Debug|Any CPU = Debug|Any CPU
		Release|Any CPU = Release|Any CPU
	EndGlobalSection
	GlobalSection(ProjectConfigurationPlatforms) = postSolution
		{72B275D0-0131-4CCD-B235-4B0D678F469C}.Debug|Any CPU.ActiveCfg = Debug|Any CPU
		{72B275D0-0131-4CCD-B235-4B0D678F469C}.Debug|Any CPU.Build.0 = Debug|Any CPU
		{72B275D0-0131-4CCD-B235-4B0D678F469C}.Release|Any CPU.ActiveCfg = Release|Any CPU
		{72B275D0-0131-4CCD-B235-4B0D678F469C}.Release|Any CPU.Build.0 = Release|Any CPU
		{A4400DBE-456A-43D7-B68F-263278BCF92A}.Debug|Any CPU.ActiveCfg = Debug|Any CPU
		{A4400DBE-456A-43D7-B68F-263278BCF92A}.Debug|Any CPU.Build.0 = Debug|Any CPU
		{A4400DBE-456A-43D7-B68F-263278BCF92A}.Release|Any CPU.ActiveCfg = Release|Any CPU
		{A4400DBE-456A-43D7-B68F-263278BCF92A}.Release|Any CPU.Build.0 = Release|Any CPU
	EndGlobalSection
EndGlobal
