
Microsoft Visual Studio Solution File, Format Version 12.00
Project("{FAE04EC0-301F-11D3-BF4B-00C04F79EFBC}") = "GraphicsCourse", "GraphicsCourse\GraphicsCourse.csproj", "{4BD5A486-8E9C-4F28-82AE-3BA40506424C}"
EndProject
Global
	GlobalSection(SolutionConfigurationPlatforms) = preSolution
		Debug|Any CPU = Debug|Any CPU
		Release|Any CPU = Release|Any CPU
	EndGlobalSection
	GlobalSection(ProjectConfigurationPlatforms) = postSolution
		{4BD5A486-8E9C-4F28-82AE-3BA40506424C}.Debug|Any CPU.ActiveCfg = Debug|Any CPU
		{4BD5A486-8E9C-4F28-82AE-3BA40506424C}.Debug|Any CPU.Build.0 = Debug|Any CPU
		{4BD5A486-8E9C-4F28-82AE-3BA40506424C}.Release|Any CPU.ActiveCfg = Release|Any CPU
		{4BD5A486-8E9C-4F28-82AE-3BA40506424C}.Release|Any CPU.Build.0 = Release|Any CPU
	EndGlobalSection
EndGlobal
