
Microsoft Visual Studio Solution File, Format Version 12.00
Project("{FAE04EC0-301F-11D3-BF4B-00C04F79EFBC}") = "GraphicsCourse.Core", "GraphicsCourse.Core\GraphicsCourse.Core.csproj", "{72B275D0-0131-4CCD-B235-4B0D678F469C}"
EndProject
Project("{FAE04EC0-301F-11D3-BF4B-00C04F79EFBC}") = "GraphicsCourse.Task1", "GraphicsCourse.Task1\GraphicsCourse.Task1.csproj", "{A4400DBE-456A-43D7-B68F-263278BCF92A}"
EndProject
Project("{FAE04EC0-301F-11D3-BF4B-00C04F79EFBC}") = "GraphicsCourse.Task2", "GraphicsCourse.Task2\GraphicsCourse.Task2.csproj", "{9180A692-3880-4B54-9C84-C6E6886C0832}"
EndProject
Project("{FAE04EC0-301F-11D3-BF4B-00C04F79EFBC}") = "GraphicsCourse.Task2.UnitTests", "GraphicsCourse.Task2.UnitTests\GraphicsCourse.Task2.UnitTests.csproj", "{C0420CFB-0227-4555-9F83-12487D2C12D1}"
EndProject
Project("{FAE04EC0-301F-11D3-BF4B-00C04F79EFBC}") = "GraphicsCourse.Task3", "GraphicsCourse.Task3\GraphicsCourse.Task3.csproj", "{C5035132-6A05-4144-9554-C79E13F98EFD}"
EndProject
Project("{FAE04EC0-301F-11D3-BF4B-00C04F79EFBC}") = "GraphicsCourse.Task3.UnitTests", "GraphicsCourse.Task3.UnitTests\GraphicsCourse.Task3.UnitTests.csproj", "{F9FD3A54-A2AA-4AE0-A648-4EF003499887}"
EndProject
Global
	GlobalSection(SolutionConfigurationPlatforms) = preSolution
		Debug|Any CPU = Debug|Any CPU
		Release|Any CPU = Release|Any CPU
	EndGlobalSection
	GlobalSection(ProjectConfigurationPlatforms) = postSolution
		{72B275D0-0131-4CCD-B235-4B0D678F469C}.Debug|Any CPU.ActiveCfg = Debug|Any CPU
		{72B275D0-0131-4CCD-B235-4B0D678F469C}.Debug|Any CPU.Build.0 = Debug|Any CPU
		{72B275D0-0131-4CCD-B235-4B0D678F469C}.Release|Any CPU.ActiveCfg = Release|Any CPU
		{72B275D0-0131-4CCD-B235-4B0D678F469C}.Release|Any CPU.Build.0 = Release|Any CPU
		{A4400DBE-456A-43D7-B68F-263278BCF92A}.Debug|Any CPU.ActiveCfg = Debug|Any CPU
		{A4400DBE-456A-43D7-B68F-263278BCF92A}.Debug|Any CPU.Build.0 = Debug|Any CPU
		{A4400DBE-456A-43D7-B68F-263278BCF92A}.Release|Any CPU.ActiveCfg = Release|Any CPU
		{A4400DBE-456A-43D7-B68F-263278BCF92A}.Release|Any CPU.Build.0 = Release|Any CPU
		{9180A692-3880-4B54-9C84-C6E6886C0832}.Debug|Any CPU.ActiveCfg = Debug|Any CPU
		{9180A692-3880-4B54-9C84-C6E6886C0832}.Debug|Any CPU.Build.0 = Debug|Any CPU
		{9180A692-3880-4B54-9C84-C6E6886C0832}.Release|Any CPU.ActiveCfg = Release|Any CPU
		{9180A692-3880-4B54-9C84-C6E6886C0832}.Release|Any CPU.Build.0 = Release|Any CPU
		{C0420CFB-0227-4555-9F83-12487D2C12D1}.Debug|Any CPU.ActiveCfg = Debug|Any CPU
		{C0420CFB-0227-4555-9F83-12487D2C12D1}.Debug|Any CPU.Build.0 = Debug|Any CPU
		{C0420CFB-0227-4555-9F83-12487D2C12D1}.Release|Any CPU.ActiveCfg = Release|Any CPU
		{C0420CFB-0227-4555-9F83-12487D2C12D1}.Release|Any CPU.Build.0 = Release|Any CPU
		{C5035132-6A05-4144-9554-C79E13F98EFD}.Debug|Any CPU.ActiveCfg = Debug|Any CPU
		{C5035132-6A05-4144-9554-C79E13F98EFD}.Debug|Any CPU.Build.0 = Debug|Any CPU
		{C5035132-6A05-4144-9554-C79E13F98EFD}.Release|Any CPU.ActiveCfg = Release|Any CPU
		{C5035132-6A05-4144-9554-C79E13F98EFD}.Release|Any CPU.Build.0 = Release|Any CPU
		{F9FD3A54-A2AA-4AE0-A648-4EF003499887}.Debug|Any CPU.ActiveCfg = Debug|Any CPU
		{F9FD3A54-A2AA-4AE0-A648-4EF003499887}.Debug|Any CPU.Build.0 = Debug|Any CPU
		{F9FD3A54-A2AA-4AE0-A648-4EF003499887}.Release|Any CPU.ActiveCfg = Release|Any CPU
		{F9FD3A54-A2AA-4AE0-A648-4EF003499887}.Release|Any CPU.Build.0 = Release|Any CPU
	EndGlobalSection
EndGlobal
